
Microsoft Visual Studio Solution File, Format Version 12.00
# Visual Studio 15
VisualStudioVersion = 15.0.27130.2024
MinimumVisualStudioVersion = 10.0.40219.1
Project("{FAE04EC0-301F-11D3-BF4B-00C04F79EFBC}") = "first assignment", "first assignment\first assignment.csproj", "{03ACC03E-CB35-49C8-ACCE-E0CBDD0E36E3}"
EndProject
Global
	GlobalSection(SolutionConfigurationPlatforms) = preSolution
		Debug|Any CPU = Debug|Any CPU
		Release|Any CPU = Release|Any CPU
	EndGlobalSection
	GlobalSection(ProjectConfigurationPlatforms) = postSolution
		{03ACC03E-CB35-49C8-ACCE-E0CBDD0E36E3}.Debug|Any CPU.ActiveCfg = Debug|Any CPU
		{03ACC03E-CB35-49C8-ACCE-E0CBDD0E36E3}.Debug|Any CPU.Build.0 = Debug|Any CPU
		{03ACC03E-CB35-49C8-ACCE-E0CBDD0E36E3}.Release|Any CPU.ActiveCfg = Release|Any CPU
		{03ACC03E-CB35-49C8-ACCE-E0CBDD0E36E3}.Release|Any CPU.Build.0 = Release|Any CPU
	EndGlobalSection
	GlobalSection(SolutionProperties) = preSolution
		HideSolutionNode = FALSE
	EndGlobalSection
	GlobalSection(ExtensibilityGlobals) = postSolution
		SolutionGuid = {0499B1C9-D863-4192-905F-60ABF408BDF7}
	EndGlobalSection
EndGlobal
